
Microsoft Visual Studio Solution File, Format Version 12.00
# Visual Studio Version 16
VisualStudioVersion = 16.0.30011.22
MinimumVisualStudioVersion = 10.0.40219.1
Project("{FAE04EC0-301F-11D3-BF4B-00C04F79EFBC}") = "Youtubevideo.website", "Youtubevideo.website\Youtubevideo.website.csproj", "{4367221C-E2D8-47F9-B123-1720F67D9E32}"
EndProject
Global
	GlobalSection(SolutionConfigurationPlatforms) = preSolution
		Debug|Any CPU = Debug|Any CPU
		Release|Any CPU = Release|Any CPU
	EndGlobalSection
	GlobalSection(ProjectConfigurationPlatforms) = postSolution
		{4367221C-E2D8-47F9-B123-1720F67D9E32}.Debug|Any CPU.ActiveCfg = Debug|Any CPU
		{4367221C-E2D8-47F9-B123-1720F67D9E32}.Debug|Any CPU.Build.0 = Debug|Any CPU
		{4367221C-E2D8-47F9-B123-1720F67D9E32}.Release|Any CPU.ActiveCfg = Release|Any CPU
		{4367221C-E2D8-47F9-B123-1720F67D9E32}.Release|Any CPU.Build.0 = Release|Any CPU
	EndGlobalSection
	GlobalSection(SolutionProperties) = preSolution
		HideSolutionNode = FALSE
	EndGlobalSection
	GlobalSection(ExtensibilityGlobals) = postSolution
		SolutionGuid = {D5B66E9A-210F-4667-8CB3-4DFEF46E5E55}
	EndGlobalSection
EndGlobal
