
Microsoft Visual Studio Solution File, Format Version 12.00
# Visual Studio Version 16
VisualStudioVersion = 16.0.30011.22
MinimumVisualStudioVersion = 10.0.40219.1
Project("{FAE04EC0-301F-11D3-BF4B-00C04F79EFBC}") = "assingmentPg121", "assingmentPg121\assingmentPg121.csproj", "{78FB161F-2167-4CCC-9F73-F03A5E033CEC}"
EndProject
Global
	GlobalSection(SolutionConfigurationPlatforms) = preSolution
		Debug|Any CPU = Debug|Any CPU
		Release|Any CPU = Release|Any CPU
	EndGlobalSection
	GlobalSection(ProjectConfigurationPlatforms) = postSolution
		{78FB161F-2167-4CCC-9F73-F03A5E033CEC}.Debug|Any CPU.ActiveCfg = Debug|Any CPU
		{78FB161F-2167-4CCC-9F73-F03A5E033CEC}.Debug|Any CPU.Build.0 = Debug|Any CPU
		{78FB161F-2167-4CCC-9F73-F03A5E033CEC}.Release|Any CPU.ActiveCfg = Release|Any CPU
		{78FB161F-2167-4CCC-9F73-F03A5E033CEC}.Release|Any CPU.Build.0 = Release|Any CPU
	EndGlobalSection
	GlobalSection(SolutionProperties) = preSolution
		HideSolutionNode = FALSE
	EndGlobalSection
	GlobalSection(ExtensibilityGlobals) = postSolution
		SolutionGuid = {0DDDBE0C-FA03-4007-859C-5E29C34E2CE4}
	EndGlobalSection
EndGlobal
